# THIS IS AN AUTOGENERATED FILE. DO NOT EDIT THIS FILE DIRECTLY.
# yarn lockfile v1


"@openzeppelin/contracts@^5.2.0":
  version "5.2.0"
  resolved "https://registry.yarnpkg.com/@openzeppelin/contracts/-/contracts-5.2.0.tgz#bd020694218202b811b0ea3eec07277814c658da"
  integrity sha512-bxjNie5z89W1Ea0NZLZluFh8PrFNn9DH8DQlujEok2yjsOlraUPKID5p1Wk3qdNbf6XkQ1Os2RvfiHrrXLHWKA==

"forge-std@https://github.com/foundry-rs/forge-std":
  version "1.9.6"
  resolved "https://github.com/foundry-rs/forge-std#3b20d60d14b343ee4f908cb8079495c07f5e8981"

"safe@https://github.com/safe-global/safe-smart-account":
  version "1.4.1-build.0"
  resolved "https://github.com/safe-global/safe-smart-account#1c8b24a0a438e8c2cd089a9d830d1688a47a28d5"

"stringutils@https://github.com/Arachnid/solidity-stringutils":
  version "0.0.0"
  resolved "https://github.com/Arachnid/solidity-stringutils#4b2fcc43fa0426e19ce88b1f1ec16f5903a2e461"

"surl@https://github.com/memester-xyz/surl":
  version "0.0.0"
  resolved "https://github.com/memester-xyz/surl#034c912ae9b5e707a5afd21f145b452ad8e800df"
